<?xml version="1.0" encoding="utf-8"?>
<Project ToolsVersion="4.0" xmlns="http://schemas.microsoft.com/developer/msbuild/2003">
  <ItemGroup>
    <Filter Include="Source Files">
      <UniqueIdentifier>{4FC737F1-C7A5-4376-A066-2A32D752A2FF}</UniqueIdentifier>
      <Extensions>cpp;c;cc;cxx;c++;cppm;ixx;def;odl;idl;hpj;bat;asm;asmx</Extensions>
    </Filter>
    <Filter Include="Header Files">
      <UniqueIdentifier>{93995380-89BD-4b04-88EB-625FBE52EBFB}</UniqueIdentifier>
      <Extensions>h;hh;hpp;hxx;h++;hm;inl;inc;ipp;xsd</Extensions>
    </Filter>
    <Filter Include="Resource Files">
      <UniqueIdentifier>{67DA6AB6-F800-4c08-8B7A-83BB121AAD01}</UniqueIdentifier>
      <Extensions>rc;ico;cur;bmp;dlg;rc2;rct;bin;rgs;gif;jpg;jpeg;jpe;resx;tiff;tif;png;wav;mfcribbon-ms</Extensions>
    </Filter>
  </ItemGroup>
  <ItemGroup>
    <ClCompile Include="AllmogeTest.cpp">
      <Filter>Source Files</Filter>
    </ClCompile>
    <ClCompile Include="pch.cpp">
      <Filter>Source Files</Filter>
    </ClCompile>
    <ClCompile Include="..\OgreEmblem\Action.cpp">
      <Filter>Source Files</Filter>
    </ClCompile>
    <ClCompile Include="..\OgreEmblem\ActionAnimation.cpp">
      <Filter>Source Files</Filter>
    </ClCompile>
    <ClCompile Include="..\OgreEmblem\ActionAnimation_LightningStrike.cpp">
      <Filter>Source Files</Filter>
    </ClCompile>
    <ClCompile Include="..\OgreEmblem\ActionAnimation_Martyr.cpp">
      <Filter>Source Files</Filter>
    </ClCompile>
    <ClCompile Include="..\OgreEmblem\ActionAnimation_Riposte.cpp">
      <Filter>Source Files</Filter>
    </ClCompile>
    <ClCompile Include="..\OgreEmblem\ActionAnimation_Strike.cpp">
      <Filter>Source Files</Filter>
    </ClCompile>
    <ClCompile Include="..\OgreEmblem\ActionSetup.cpp">
      <Filter>Source Files</Filter>
    </ClCompile>
    <ClCompile Include="..\OgreEmblem\ActionTests.cpp">
      <Filter>Source Files</Filter>
    </ClCompile>
    <ClCompile Include="..\OgreEmblem\AIController.cpp">
      <Filter>Source Files</Filter>
    </ClCompile>
    <ClCompile Include="..\OgreEmblem\AnimationLayer.cpp">
      <Filter>Source Files</Filter>
    </ClCompile>
    <ClCompile Include="..\OgreEmblem\AnimationQueue.cpp">
      <Filter>Source Files</Filter>
    </ClCompile>
    <ClCompile Include="..\OgreEmblem\BaseLayer.cpp">
      <Filter>Source Files</Filter>
    </ClCompile>
    <ClCompile Include="..\OgreEmblem\Battle.cpp">
      <Filter>Source Files</Filter>
    </ClCompile>
    <ClCompile Include="..\OgreEmblem\BattleAnimation.cpp">
      <Filter>Source Files</Filter>
    </ClCompile>
    <ClCompile Include="..\OgreEmblem\BattleEvent.cpp">
      <Filter>Source Files</Filter>
    </ClCompile>
    <ClCompile Include="..\OgreEmblem\BattleField.cpp">
      <Filter>Source Files</Filter>
    </ClCompile>
    <ClCompile Include="..\OgreEmblem\BattleManager.cpp">
      <Filter>Source Files</Filter>
    </ClCompile>
    <ClCompile Include="..\OgreEmblem\BattleMap.cpp">
      <Filter>Source Files</Filter>
    </ClCompile>
    <ClCompile Include="..\OgreEmblem\BattleMapVisualData.cpp">
      <Filter>Source Files</Filter>
    </ClCompile>
    <ClCompile Include="..\OgreEmblem\BattleStage.cpp">
      <Filter>Source Files</Filter>
    </ClCompile>
    <ClCompile Include="..\OgreEmblem\Blast.cpp">
      <Filter>Source Files</Filter>
    </ClCompile>
    <ClCompile Include="..\OgreEmblem\Browsable.cpp">
      <Filter>Source Files</Filter>
    </ClCompile>
    <ClCompile Include="..\OgreEmblem\Browser.cpp">
      <Filter>Source Files</Filter>
    </ClCompile>
    <ClCompile Include="..\OgreEmblem\BrowserAnimation.cpp">
      <Filter>Source Files</Filter>
    </ClCompile>
    <ClCompile Include="..\OgreEmblem\BrowserEvent.cpp">
      <Filter>Source Files</Filter>
    </ClCompile>
    <ClCompile Include="..\OgreEmblem\BrowserLinker.cpp">
      <Filter>Source Files</Filter>
    </ClCompile>
    <ClCompile Include="..\OgreEmblem\BrowseSquadsState.cpp">
      <Filter>Source Files</Filter>
    </ClCompile>
    <ClCompile Include="..\OgreEmblem\CameraController.cpp">
      <Filter>Source Files</Filter>
    </ClCompile>
    <ClCompile Include="..\OgreEmblem\CameraPanner.cpp">
      <Filter>Source Files</Filter>
    </ClCompile>
    <ClCompile Include="..\OgreEmblem\Camp.cpp">
      <Filter>Source Files</Filter>
    </ClCompile>
    <ClCompile Include="..\OgreEmblem\CampAnimation.cpp">
      <Filter>Source Files</Filter>
    </ClCompile>
    <ClCompile Include="..\OgreEmblem\CampEvent.cpp">
      <Filter>Source Files</Filter>
    </ClCompile>
    <ClCompile Include="..\OgreEmblem\CampLayer.cpp">
      <Filter>Source Files</Filter>
    </ClCompile>
    <ClCompile Include="..\OgreEmblem\CampMenuLayer.cpp">
      <Filter>Source Files</Filter>
    </ClCompile>
    <ClCompile Include="..\OgreEmblem\CampMenuState.cpp">
      <Filter>Source Files</Filter>
    </ClCompile>
    <ClCompile Include="..\OgreEmblem\ChangeWordSelectionEvent.cpp">
      <Filter>Source Files</Filter>
    </ClCompile>
    <ClCompile Include="..\OgreEmblem\Chapter.cpp">
      <Filter>Source Files</Filter>
    </ClCompile>
    <ClCompile Include="..\OgreEmblem\ChapterCollection.cpp">
      <Filter>Source Files</Filter>
    </ClCompile>
    <ClCompile Include="..\OgreEmblem\ConfirmationLayer.cpp">
      <Filter>Source Files</Filter>
    </ClCompile>
    <ClCompile Include="..\OgreEmblem\ConfirmationMenuEvent.cpp">
      <Filter>Source Files</Filter>
    </ClCompile>
    <ClCompile Include="..\OgreEmblem\ConfirmationState.cpp">
      <Filter>Source Files</Filter>
    </ClCompile>
    <ClCompile Include="..\OgreEmblem\CursorAnimation.cpp">
      <Filter>Source Files</Filter>
    </ClCompile>
    <ClCompile Include="..\OgreEmblem\CursorHandler.cpp">
      <Filter>Source Files</Filter>
    </ClCompile>
    <ClCompile Include="..\OgreEmblem\DeathAnimation.cpp">
      <Filter>Source Files</Filter>
    </ClCompile>
    <ClCompile Include="..\OgreEmblem\DialogueButton.cpp">
      <Filter>Source Files</Filter>
    </ClCompile>
    <ClCompile Include="..\OgreEmblem\DialogueWindow.cpp">
      <Filter>Source Files</Filter>
    </ClCompile>
    <ClCompile Include="..\OgreEmblem\Direction.cpp">
      <Filter>Source Files</Filter>
    </ClCompile>
    <ClCompile Include="..\OgreEmblem\DraftScreenLayer.cpp">
      <Filter>Source Files</Filter>
    </ClCompile>
    <ClCompile Include="..\OgreEmblem\DraftScreenState.cpp">
      <Filter>Source Files</Filter>
    </ClCompile>
    <ClCompile Include="..\OgreEmblem\EditSquadLayer.cpp">
      <Filter>Source Files</Filter>
    </ClCompile>
    <ClCompile Include="..\OgreEmblem\EffectAnimation.cpp">
      <Filter>Source Files</Filter>
    </ClCompile>
    <ClCompile Include="..\OgreEmblem\EffectAnimationHandler.cpp">
      <Filter>Source Files</Filter>
    </ClCompile>
    <ClCompile Include="..\OgreEmblem\ExperienceBar.cpp">
      <Filter>Source Files</Filter>
    </ClCompile>
    <ClCompile Include="..\OgreEmblem\ExperienceGainAnimation.cpp">
      <Filter>Source Files</Filter>
    </ClCompile>
    <ClCompile Include="..\OgreEmblem\ExternalStateControls.cpp">
      <Filter>Source Files</Filter>
    </ClCompile>
    <ClCompile Include="..\OgreEmblem\FadeAnimation_FightSprite.cpp">
      <Filter>Source Files</Filter>
    </ClCompile>
    <ClCompile Include="..\OgreEmblem\FencingDrill.cpp">
      <Filter>Source Files</Filter>
    </ClCompile>
    <ClCompile Include="..\OgreEmblem\Fight.cpp">
      <Filter>Source Files</Filter>
    </ClCompile>
    <ClCompile Include="..\OgreEmblem\Fighter.cpp">
      <Filter>Source Files</Filter>
    </ClCompile>
    <ClCompile Include="..\OgreEmblem\FighterFormation.cpp">
      <Filter>Source Files</Filter>
    </ClCompile>
    <ClCompile Include="..\OgreEmblem\FightPos.cpp">
      <Filter>Source Files</Filter>
    </ClCompile>
    <ClCompile Include="..\OgreEmblem\FightResults.cpp">
      <Filter>Source Files</Filter>
    </ClCompile>
    <ClCompile Include="..\OgreEmblem\FightScene.cpp">
      <Filter>Source Files</Filter>
    </ClCompile>
    <ClCompile Include="..\OgreEmblem\FightSpriteAnimation.cpp">
      <Filter>Source Files</Filter>
    </ClCompile>
    <ClCompile Include="..\OgreEmblem\FightUtils.cpp">
      <Filter>Source Files</Filter>
    </ClCompile>
    <ClCompile Include="..\OgreEmblem\Flag.cpp">
      <Filter>Source Files</Filter>
    </ClCompile>
    <ClCompile Include="..\OgreEmblem\Formler.cpp">
      <Filter>Source Files</Filter>
    </ClCompile>
    <ClCompile Include="..\OgreEmblem\Gains.cpp">
      <Filter>Source Files</Filter>
    </ClCompile>
    <ClCompile Include="..\OgreEmblem\GameMaster.cpp">
      <Filter>Source Files</Filter>
    </ClCompile>
    <ClCompile Include="..\OgreEmblem\GraphicalEvent.cpp">
      <Filter>Source Files</Filter>
    </ClCompile>
    <ClCompile Include="..\OgreEmblem\Graphics.cpp">
      <Filter>Source Files</Filter>
    </ClCompile>
    <ClCompile Include="..\OgreEmblem\GraphicsAssets.cpp">
      <Filter>Source Files</Filter>
    </ClCompile>
    <ClCompile Include="..\OgreEmblem\GraphicsInterface.cpp">
      <Filter>Source Files</Filter>
    </ClCompile>
    <ClCompile Include="..\OgreEmblem\GraphicsUtils.cpp">
      <Filter>Source Files</Filter>
    </ClCompile>
    <ClCompile Include="..\OgreEmblem\HorizontalMenuAnimation.cpp">
      <Filter>Source Files</Filter>
    </ClCompile>
    <ClCompile Include="..\OgreEmblem\HugeStrength.cpp">
      <Filter>Source Files</Filter>
    </ClCompile>
    <ClCompile Include="..\OgreEmblem\idCreator.cpp">
      <Filter>Source Files</Filter>
    </ClCompile>
    <ClCompile Include="..\OgreEmblem\InitBattleMapEvent.cpp">
      <Filter>Source Files</Filter>
    </ClCompile>
    <ClCompile Include="..\OgreEmblem\InitDraftScreenEvent.cpp">
      <Filter>Source Files</Filter>
    </ClCompile>
    <ClCompile Include="..\OgreEmblem\InitLevelUpScreenEvent.cpp">
      <Filter>Source Files</Filter>
    </ClCompile>
    <ClCompile Include="..\OgreEmblem\InitSquadNamePickerEvent.cpp">
      <Filter>Source Files</Filter>
    </ClCompile>
    <ClCompile Include="..\OgreEmblem\InputLink.cpp">
      <Filter>Source Files</Filter>
    </ClCompile>
    <ClCompile Include="..\OgreEmblem\LevelUpHandler.cpp">
      <Filter>Source Files</Filter>
    </ClCompile>
    <ClCompile Include="..\OgreEmblem\LevelUpScreenInputEvent.cpp">
      <Filter>Source Files</Filter>
    </ClCompile>
    <ClCompile Include="..\OgreEmblem\LevelUpScreenLayer.cpp">
      <Filter>Source Files</Filter>
    </ClCompile>
    <ClCompile Include="..\OgreEmblem\LifeBarAnimation.cpp">
      <Filter>Source Files</Filter>
    </ClCompile>
    <ClCompile Include="..\OgreEmblem\LightningStrike.cpp">
      <Filter>Source Files</Filter>
    </ClCompile>
    <ClCompile Include="..\OgreEmblem\Manager.cpp">
      <Filter>Source Files</Filter>
    </ClCompile>
    <ClCompile Include="..\OgreEmblem\MapAnimation.cpp">
      <Filter>Source Files</Filter>
    </ClCompile>
    <ClCompile Include="..\OgreEmblem\MapAnimation2.cpp">
      <Filter>Source Files</Filter>
    </ClCompile>
    <ClCompile Include="..\OgreEmblem\MapAnimationLayer.cpp">
      <Filter>Source Files</Filter>
    </ClCompile>
    <ClCompile Include="..\OgreEmblem\MapBrowser.cpp">
      <Filter>Source Files</Filter>
    </ClCompile>
    <ClCompile Include="..\OgreEmblem\MapCursorAnimation.cpp">
      <Filter>Source Files</Filter>
    </ClCompile>
    <ClCompile Include="..\OgreEmblem\MapCursorEvent.cpp">
      <Filter>Source Files</Filter>
    </ClCompile>
    <ClCompile Include="..\OgreEmblem\MapEvent.cpp">
      <Filter>Source Files</Filter>
    </ClCompile>
    <ClCompile Include="..\OgreEmblem\MapFightPicker.cpp">
      <Filter>Source Files</Filter>
    </ClCompile>
    <ClCompile Include="..\OgreEmblem\MapManager.cpp">
      <Filter>Source Files</Filter>
    </ClCompile>
    <ClCompile Include="..\OgreEmblem\MapManagerVisualData.cpp">
      <Filter>Source Files</Filter>
    </ClCompile>
    <ClCompile Include="..\OgreEmblem\MapManagerVisualEventData.cpp">
      <Filter>Source Files</Filter>
    </ClCompile>
    <ClCompile Include="..\OgreEmblem\MapOverlayAnimation.cpp">
      <Filter>Source Files</Filter>
    </ClCompile>
    <ClCompile Include="..\OgreEmblem\MapPostMove.cpp">
      <Filter>Source Files</Filter>
    </ClCompile>
    <ClCompile Include="..\OgreEmblem\MapSquadMover.cpp">
      <Filter>Source Files</Filter>
    </ClCompile>
    <ClCompile Include="..\OgreEmblem\MapTile.cpp">
      <Filter>Source Files</Filter>
    </ClCompile>
    <ClCompile Include="..\OgreEmblem\Martyr.cpp">
      <Filter>Source Files</Filter>
    </ClCompile>
    <ClCompile Include="..\OgreEmblem\Menu.cpp">
      <Filter>Source Files</Filter>
    </ClCompile>
    <ClCompile Include="..\OgreEmblem\MenuEvent.cpp">
      <Filter>Source Files</Filter>
    </ClCompile>
    <ClCompile Include="..\OgreEmblem\MenuManager.cpp">
      <Filter>Source Files</Filter>
    </ClCompile>
    <ClCompile Include="..\OgreEmblem\MenuState.cpp">
      <Filter>Source Files</Filter>
    </ClCompile>
    <ClCompile Include="..\OgreEmblem\MenuVisualData.cpp">
      <Filter>Source Files</Filter>
    </ClCompile>
    <ClCompile Include="..\OgreEmblem\MouseInteractionObject.cpp">
      <Filter>Source Files</Filter>
    </ClCompile>
    <ClCompile Include="..\OgreEmblem\MoveAnimation_FightSprite.cpp">
      <Filter>Source Files</Filter>
    </ClCompile>
    <ClCompile Include="..\OgreEmblem\MovementAnimation.cpp">
      <Filter>Source Files</Filter>
    </ClCompile>
    <ClCompile Include="..\OgreEmblem\MovementAnimation2.cpp">
      <Filter>Source Files</Filter>
    </ClCompile>
    <ClCompile Include="..\OgreEmblem\MovementDotAnimation.cpp">
      <Filter>Source Files</Filter>
    </ClCompile>
    <ClCompile Include="..\OgreEmblem\MovementDotsEvent.cpp">
      <Filter>Source Files</Filter>
    </ClCompile>
    <ClCompile Include="..\OgreEmblem\MovementStage.cpp">
      <Filter>Source Files</Filter>
    </ClCompile>
    <ClCompile Include="..\OgreEmblem\MovementTargetCrossEvent.cpp">
      <Filter>Source Files</Filter>
    </ClCompile>
    <ClCompile Include="..\OgreEmblem\NaturalSelection.cpp">
      <Filter>Source Files</Filter>
    </ClCompile>
    <ClCompile Include="..\OgreEmblem\NextLevelupEvent.cpp">
      <Filter>Source Files</Filter>
    </ClCompile>
    <ClCompile Include="..\OgreEmblem\OgreEmblem.cpp">
      <Filter>Source Files</Filter>
    </ClCompile>
    <ClCompile Include="..\OgreEmblem\OpenBattleMapEvent.cpp">
      <Filter>Source Files</Filter>
    </ClCompile>
    <ClCompile Include="..\OgreEmblem\OpenConfirmationEvent.cpp">
      <Filter>Source Files</Filter>
    </ClCompile>
    <ClCompile Include="..\OgreEmblem\OpenDraftScreenEvent.cpp">
      <Filter>Source Files</Filter>
    </ClCompile>
    <ClCompile Include="..\OgreEmblem\OpenLevelUpScreenEvent.cpp">
      <Filter>Source Files</Filter>
    </ClCompile>
    <ClCompile Include="..\OgreEmblem\OpenNamePickerEvent.cpp">
      <Filter>Source Files</Filter>
    </ClCompile>
    <ClCompile Include="..\OgreEmblem\PlusAttack.cpp">
      <Filter>Source Files</Filter>
    </ClCompile>
    <ClCompile Include="..\OgreEmblem\PlusDefense.cpp">
      <Filter>Source Files</Filter>
    </ClCompile>
    <ClCompile Include="..\OgreEmblem\PointerAnimation.cpp">
      <Filter>Source Files</Filter>
    </ClCompile>
    <ClCompile Include="..\OgreEmblem\Profession.cpp">
      <Filter>Source Files</Filter>
    </ClCompile>
    <ClCompile Include="..\OgreEmblem\ReactionStage.cpp">
      <Filter>Source Files</Filter>
    </ClCompile>
    <ClCompile Include="..\OgreEmblem\ReloadSquadListEvent.cpp">
      <Filter>Source Files</Filter>
    </ClCompile>
    <ClCompile Include="..\OgreEmblem\Riposte.cpp">
      <Filter>Source Files</Filter>
    </ClCompile>
    <ClCompile Include="..\OgreEmblem\RiverAnimation.cpp">
      <Filter>Source Files</Filter>
    </ClCompile>
    <ClCompile Include="..\OgreEmblem\RootLink.cpp">
      <Filter>Source Files</Filter>
    </ClCompile>
    <ClCompile Include="..\OgreEmblem\ScreenVisualData.cpp">
      <Filter>Source Files</Filter>
    </ClCompile>
    <ClCompile Include="..\OgreEmblem\SelectSquadEvent.cpp">
      <Filter>Source Files</Filter>
    </ClCompile>
    <ClCompile Include="..\OgreEmblem\SelectUnitEvent.cpp">
      <Filter>Source Files</Filter>
    </ClCompile>
    <ClCompile Include="..\OgreEmblem\SetAttackTargetEvent.cpp">
      <Filter>Source Files</Filter>
    </ClCompile>
    <ClCompile Include="..\OgreEmblem\Spline.cpp">
      <Filter>Source Files</Filter>
    </ClCompile>
    <ClCompile Include="..\OgreEmblem\SpriteAnimation.cpp">
      <Filter>Source Files</Filter>
    </ClCompile>
    <ClCompile Include="..\OgreEmblem\SpriteAnimator.cpp">
      <Filter>Source Files</Filter>
    </ClCompile>
    <ClCompile Include="..\OgreEmblem\Squad.cpp">
      <Filter>Source Files</Filter>
    </ClCompile>
    <ClCompile Include="..\OgreEmblem\SquadAI.cpp">
      <Filter>Source Files</Filter>
    </ClCompile>
    <ClCompile Include="..\OgreEmblem\SquadAnimation.cpp">
      <Filter>Source Files</Filter>
    </ClCompile>
    <ClCompile Include="..\OgreEmblem\SquadBrowserLayer.cpp">
      <Filter>Source Files</Filter>
    </ClCompile>
    <ClCompile Include="..\OgreEmblem\SquadDrawer.cpp">
      <Filter>Source Files</Filter>
    </ClCompile>
    <ClCompile Include="..\OgreEmblem\SquadEditorState.cpp">
      <Filter>Source Files</Filter>
    </ClCompile>
    <ClCompile Include="..\OgreEmblem\SquadManager.cpp">
      <Filter>Source Files</Filter>
    </ClCompile>
    <ClCompile Include="..\OgreEmblem\SquadManagerAnimation.cpp">
      <Filter>Source Files</Filter>
    </ClCompile>
    <ClCompile Include="..\OgreEmblem\SquadManagerEvent.cpp">
      <Filter>Source Files</Filter>
    </ClCompile>
    <ClCompile Include="..\OgreEmblem\SquadManagerLayer.cpp">
      <Filter>Source Files</Filter>
    </ClCompile>
    <ClCompile Include="..\OgreEmblem\SquadManagerState.cpp">
      <Filter>Source Files</Filter>
    </ClCompile>
    <ClCompile Include="..\OgreEmblem\SquadMenuLayer.cpp">
      <Filter>Source Files</Filter>
    </ClCompile>
    <ClCompile Include="..\OgreEmblem\SquadMenuState.cpp">
      <Filter>Source Files</Filter>
    </ClCompile>
    <ClCompile Include="..\OgreEmblem\SquadMovedEvent.cpp">
      <Filter>Source Files</Filter>
    </ClCompile>
    <ClCompile Include="..\OgreEmblem\SquadNamePickerLayer.cpp">
      <Filter>Source Files</Filter>
    </ClCompile>
    <ClCompile Include="..\OgreEmblem\SquadNamePickerState.cpp">
      <Filter>Source Files</Filter>
    </ClCompile>
    <ClCompile Include="..\OgreEmblem\SquadPos.cpp">
      <Filter>Source Files</Filter>
    </ClCompile>
    <ClCompile Include="..\OgreEmblem\SquadRepButton.cpp">
      <Filter>Source Files</Filter>
    </ClCompile>
    <ClCompile Include="..\OgreEmblem\SquadRepresentation.cpp">
      <Filter>Source Files</Filter>
    </ClCompile>
    <ClCompile Include="..\OgreEmblem\SquadWindowButton.cpp">
      <Filter>Source Files</Filter>
    </ClCompile>
    <ClCompile Include="..\OgreEmblem\StartEnemyTurnEvent.cpp">
      <Filter>Source Files</Filter>
    </ClCompile>
    <ClCompile Include="..\OgreEmblem\StartPlayerTurnEvent.cpp">
      <Filter>Source Files</Filter>
    </ClCompile>
    <ClCompile Include="..\OgreEmblem\StateHandler.cpp">
      <Filter>Source Files</Filter>
    </ClCompile>
    <ClCompile Include="..\OgreEmblem\StatusAnimation.cpp">
      <Filter>Source Files</Filter>
    </ClCompile>
    <ClCompile Include="..\OgreEmblem\StatusScreen.cpp">
      <Filter>Source Files</Filter>
    </ClCompile>
    <ClCompile Include="..\OgreEmblem\Strike.cpp">
      <Filter>Source Files</Filter>
    </ClCompile>
    <ClCompile Include="..\OgreEmblem\StringHandler.cpp">
      <Filter>Source Files</Filter>
    </ClCompile>
    <ClCompile Include="..\OgreEmblem\StructuredEvent.cpp">
      <Filter>Source Files</Filter>
    </ClCompile>
    <ClCompile Include="..\OgreEmblem\Terrain.cpp">
      <Filter>Source Files</Filter>
    </ClCompile>
    <ClCompile Include="..\OgreEmblem\TestButton.cpp">
      <Filter>Source Files</Filter>
    </ClCompile>
    <ClCompile Include="..\OgreEmblem\TextDrawer.cpp">
      <Filter>Source Files</Filter>
    </ClCompile>
    <ClCompile Include="..\OgreEmblem\Trait.cpp">
      <Filter>Source Files</Filter>
    </ClCompile>
    <ClCompile Include="..\OgreEmblem\TraitAnimation.cpp">
      <Filter>Source Files</Filter>
    </ClCompile>
    <ClCompile Include="..\OgreEmblem\TraitAnimation_HugeStrength.cpp">
      <Filter>Source Files</Filter>
    </ClCompile>
    <ClCompile Include="..\OgreEmblem\TraitFightContainer.cpp">
      <Filter>Source Files</Filter>
    </ClCompile>
    <ClCompile Include="..\OgreEmblem\TraitTree.cpp">
      <Filter>Source Files</Filter>
    </ClCompile>
    <ClCompile Include="..\OgreEmblem\TraitTreeAnimation.cpp">
      <Filter>Source Files</Filter>
    </ClCompile>
    <ClCompile Include="..\OgreEmblem\TraitTreeNode.cpp">
      <Filter>Source Files</Filter>
    </ClCompile>
    <ClCompile Include="..\OgreEmblem\TurnKeeper.cpp">
      <Filter>Source Files</Filter>
    </ClCompile>
    <ClCompile Include="..\OgreEmblem\Unit.cpp">
      <Filter>Source Files</Filter>
    </ClCompile>
    <ClCompile Include="..\OgreEmblem\UnitBoughtEvent.cpp">
      <Filter>Source Files</Filter>
    </ClCompile>
    <ClCompile Include="..\OgreEmblem\UnitDetailsWindow.cpp">
      <Filter>Source Files</Filter>
    </ClCompile>
    <ClCompile Include="..\OgreEmblem\UnitKilledEvent.cpp">
      <Filter>Source Files</Filter>
    </ClCompile>
    <ClCompile Include="..\OgreEmblem\UnitListButton.cpp">
      <Filter>Source Files</Filter>
    </ClCompile>
    <ClCompile Include="..\OgreEmblem\UnitMenuState.cpp">
      <Filter>Source Files</Filter>
    </ClCompile>
    <ClCompile Include="..\OgreEmblem\UnitPortraitButton.cpp">
      <Filter>Source Files</Filter>
    </ClCompile>
    <ClCompile Include="..\OgreEmblem\UnitShop.cpp">
      <Filter>Source Files</Filter>
    </ClCompile>
    <ClCompile Include="..\OgreEmblem\UnitsSwappedEvent.cpp">
      <Filter>Source Files</Filter>
    </ClCompile>
    <ClCompile Include="..\OgreEmblem\VerticalMenuAnimation.cpp">
      <Filter>Source Files</Filter>
    </ClCompile>
    <ClCompile Include="..\OgreEmblem\VictoryAchievedEvent.cpp">
      <Filter>Source Files</Filter>
    </ClCompile>
    <ClCompile Include="..\OgreEmblem\VisualStack.cpp">
      <Filter>Source Files</Filter>
    </ClCompile>
  </ItemGroup>
  <ItemGroup>
    <ClInclude Include="pch.h">
      <Filter>Header Files</Filter>
    </ClInclude>
  </ItemGroup>
</Project>